
Microsoft Visual Studio Solution File, Format Version 12.00
# Visual Studio Version 17
VisualStudioVersion = 17.2.32505.173
MinimumVisualStudioVersion = 10.0.40219.1
Project("{FAE04EC0-301F-11D3-BF4B-00C04F79EFBC}") = "Q2_Finals", "Q2_Finals\Q2_Finals.csproj", "{FA5C0DFD-EE83-487E-9865-36CDF89EDB07}"
EndProject
Global
	GlobalSection(SolutionConfigurationPlatforms) = preSolution
		Debug|Any CPU = Debug|Any CPU
		Release|Any CPU = Release|Any CPU
	EndGlobalSection
	GlobalSection(ProjectConfigurationPlatforms) = postSolution
		{FA5C0DFD-EE83-487E-9865-36CDF89EDB07}.Debug|Any CPU.ActiveCfg = Debug|Any CPU
		{FA5C0DFD-EE83-487E-9865-36CDF89EDB07}.Debug|Any CPU.Build.0 = Debug|Any CPU
		{FA5C0DFD-EE83-487E-9865-36CDF89EDB07}.Release|Any CPU.ActiveCfg = Release|Any CPU
		{FA5C0DFD-EE83-487E-9865-36CDF89EDB07}.Release|Any CPU.Build.0 = Release|Any CPU
	EndGlobalSection
	GlobalSection(SolutionProperties) = preSolution
		HideSolutionNode = FALSE
	EndGlobalSection
	GlobalSection(ExtensibilityGlobals) = postSolution
		SolutionGuid = {F50C9543-004E-4C31-9EB0-0914B63AB822}
	EndGlobalSection
EndGlobal
